// !$*UTF8*$!
{
	archiveVersion = 1;
	classes = {
	};
	objectVersion = 50;
	objects = {

/* Begin PBXBuildFile section */
		183134E6210B18EE003BE6CC /* ImageViewController.swift in Sources */ = {isa = PBXBuildFile; fileRef = 183134E5210B18EE003BE6CC /* ImageViewController.swift */; };
		183134E821103DA9003BE6CC /* icon_trash.png in Resources */ = {isa = PBXBuildFile; fileRef = 183134E721103DA9003BE6CC /* icon_trash.png */; };
		187EED022101D21D009CBA7B /* Utilities.swift in Sources */ = {isa = PBXBuildFile; fileRef = 187EED012101D21D009CBA7B /* Utilities.swift */; };
		187EED042101D2B3009CBA7B /* GalleryCollectionViewCell.swift in Sources */ = {isa = PBXBuildFile; fileRef = 187EED032101D2B3009CBA7B /* GalleryCollectionViewCell.swift */; };
		1885B47C20FF373800634B41 /* AppDelegate.swift in Sources */ = {isa = PBXBuildFile; fileRef = 1885B47B20FF373800634B41 /* AppDelegate.swift */; };
		1885B48120FF373800634B41 /* Main.storyboard in Resources */ = {isa = PBXBuildFile; fileRef = 1885B47F20FF373800634B41 /* Main.storyboard */; };
		1885B48320FF373A00634B41 /* Assets.xcassets in Resources */ = {isa = PBXBuildFile; fileRef = 1885B48220FF373A00634B41 /* Assets.xcassets */; };
		1885B48620FF373A00634B41 /* LaunchScreen.storyboard in Resources */ = {isa = PBXBuildFile; fileRef = 1885B48420FF373A00634B41 /* LaunchScreen.storyboard */; };
		1885B48F20FF42EB00634B41 /* GaleryTableViewController.swift in Sources */ = {isa = PBXBuildFile; fileRef = 1885B48E20FF42EB00634B41 /* GaleryTableViewController.swift */; };
		1885B49120FFC60800634B41 /* GalleryTableViewCell.swift in Sources */ = {isa = PBXBuildFile; fileRef = 1885B49020FFC60800634B41 /* GalleryTableViewCell.swift */; };
		1885B49320FFD3D900634B41 /* GalleryCollectionViewController.swift in Sources */ = {isa = PBXBuildFile; fileRef = 1885B49220FFD3D900634B41 /* GalleryCollectionViewController.swift */; };
		1885B49520FFE7E800634B41 /* ImageGallery.swift in Sources */ = {isa = PBXBuildFile; fileRef = 1885B49420FFE7E800634B41 /* ImageGallery.swift */; };
/* End PBXBuildFile section */

/* Begin PBXFileReference section */
		183134E5210B18EE003BE6CC /* ImageViewController.swift */ = {isa = PBXFileReference; lastKnownFileType = sourcecode.swift; name = ImageViewController.swift; path = /Users/apple/Desktop/Projects/ImageGalery/ImageGalery/ImageViewController.swift; sourceTree = "<absolute>"; };
		183134E721103DA9003BE6CC /* icon_trash.png */ = {isa = PBXFileReference; lastKnownFileType = image.png; name = icon_trash.png; path = ../../../icon_trash.png; sourceTree = "<group>"; };
		187EED012101D21D009CBA7B /* Utilities.swift */ = {isa = PBXFileReference; fileEncoding = 4; lastKnownFileType = sourcecode.swift; path = Utilities.swift; sourceTree = "<group>"; };
		187EED032101D2B3009CBA7B /* GalleryCollectionViewCell.swift */ = {isa = PBXFileReference; lastKnownFileType = sourcecode.swift; path = GalleryCollectionViewCell.swift; sourceTree = "<group>"; };
		1885B47820FF373800634B41 /* ImageGalery.app */ = {isa = PBXFileReference; explicitFileType = wrapper.application; includeInIndex = 0; path = ImageGalery.app; sourceTree = BUILT_PRODUCTS_DIR; };
		1885B47B20FF373800634B41 /* AppDelegate.swift */ = {isa = PBXFileReference; lastKnownFileType = sourcecode.swift; path = AppDelegate.swift; sourceTree = "<group>"; };
		1885B48020FF373800634B41 /* Base */ = {isa = PBXFileReference; lastKnownFileType = file.storyboard; name = Base; path = Base.lproj/Main.storyboard; sourceTree = "<group>"; };
		1885B48220FF373A00634B41 /* Assets.xcassets */ = {isa = PBXFileReference; lastKnownFileType = folder.assetcatalog; path = Assets.xcassets; sourceTree = "<group>"; };
		1885B48520FF373A00634B41 /* Base */ = {isa = PBXFileReference; lastKnownFileType = file.storyboard; name = Base; path = Base.lproj/LaunchScreen.storyboard; sourceTree = "<group>"; };
		1885B48720FF373A00634B41 /* Info.plist */ = {isa = PBXFileReference; lastKnownFileType = text.plist.xml; path = Info.plist; sourceTree = "<group>"; };
		1885B48E20FF42EB00634B41 /* GaleryTableViewController.swift */ = {isa = PBXFileReference; lastKnownFileType = sourcecode.swift; path = GaleryTableViewController.swift; sourceTree = "<group>"; };
		1885B49020FFC60800634B41 /* GalleryTableViewCell.swift */ = {isa = PBXFileReference; lastKnownFileType = sourcecode.swift; path = GalleryTableViewCell.swift; sourceTree = "<group>"; };
		1885B49220FFD3D900634B41 /* GalleryCollectionViewController.swift */ = {isa = PBXFileReference; lastKnownFileType = sourcecode.swift; path = GalleryCollectionViewController.swift; sourceTree = "<group>"; };
		1885B49420FFE7E800634B41 /* ImageGallery.swift */ = {isa = PBXFileReference; lastKnownFileType = sourcecode.swift; path = ImageGallery.swift; sourceTree = "<group>"; };
/* End PBXFileReference section */

/* Begin PBXFrameworksBuildPhase section */
		1885B47520FF373800634B41 /* Frameworks */ = {
			isa = PBXFrameworksBuildPhase;
			buildActionMask = 2147483647;
			files = (
			);
			runOnlyForDeploymentPostprocessing = 0;
		};
/* End PBXFrameworksBuildPhase section */

/* Begin PBXGroup section */
		1885B46F20FF373800634B41 = {
			isa = PBXGroup;
			children = (
				1885B47A20FF373800634B41 /* ImageGalery */,
				1885B47920FF373800634B41 /* Products */,
			);
			sourceTree = "<group>";
		};
		1885B47920FF373800634B41 /* Products */ = {
			isa = PBXGroup;
			children = (
				1885B47820FF373800634B41 /* ImageGalery.app */,
			);
			name = Products;
			sourceTree = "<group>";
		};
		1885B47A20FF373800634B41 /* ImageGalery */ = {
			isa = PBXGroup;
			children = (
				1885B48D20FF374F00634B41 /* Supportin Files */,
				1885B47F20FF373800634B41 /* Main.storyboard */,
				1885B49220FFD3D900634B41 /* GalleryCollectionViewController.swift */,
				183134E721103DA9003BE6CC /* icon_trash.png */,
				1885B49020FFC60800634B41 /* GalleryTableViewCell.swift */,
				183134E5210B18EE003BE6CC /* ImageViewController.swift */,
				1885B49420FFE7E800634B41 /* ImageGallery.swift */,
				1885B48E20FF42EB00634B41 /* GaleryTableViewController.swift */,
				187EED012101D21D009CBA7B /* Utilities.swift */,
				1885B48720FF373A00634B41 /* Info.plist */,
				187EED032101D2B3009CBA7B /* GalleryCollectionViewCell.swift */,
			);
			path = ImageGalery;
			sourceTree = "<group>";
		};
		1885B48D20FF374F00634B41 /* Supportin Files */ = {
			isa = PBXGroup;
			children = (
				1885B47B20FF373800634B41 /* AppDelegate.swift */,
				1885B48220FF373A00634B41 /* Assets.xcassets */,
				1885B48420FF373A00634B41 /* LaunchScreen.storyboard */,
			);
			path = "Supportin Files";
			sourceTree = "<group>";
		};
/* End PBXGroup section */

/* Begin PBXNativeTarget section */
		1885B47720FF373800634B41 /* ImageGalery */ = {
			isa = PBXNativeTarget;
			buildConfigurationList = 1885B48A20FF373A00634B41 /* Build configuration list for PBXNativeTarget "ImageGalery" */;
			buildPhases = (
				1885B47420FF373800634B41 /* Sources */,
				1885B47520FF373800634B41 /* Frameworks */,
				1885B47620FF373800634B41 /* Resources */,
			);
			buildRules = (
			);
			dependencies = (
			);
			name = ImageGalery;
			productName = ImageGalery;
			productReference = 1885B47820FF373800634B41 /* ImageGalery.app */;
			productType = "com.apple.product-type.application";
		};
/* End PBXNativeTarget section */

/* Begin PBXProject section */
		1885B47020FF373800634B41 /* Project object */ = {
			isa = PBXProject;
			attributes = {
				LastSwiftUpdateCheck = 0940;
				LastUpgradeCheck = 0940;
				ORGANIZATIONNAME = wolfpack;
				TargetAttributes = {
					1885B47720FF373800634B41 = {
						CreatedOnToolsVersion = 9.4.1;
					};
				};
			};
			buildConfigurationList = 1885B47320FF373800634B41 /* Build configuration list for PBXProject "ImageGalery" */;
			compatibilityVersion = "Xcode 9.3";
			developmentRegion = en;
			hasScannedForEncodings = 0;
			knownRegions = (
				en,
				Base,
			);
			mainGroup = 1885B46F20FF373800634B41;
			productRefGroup = 1885B47920FF373800634B41 /* Products */;
			projectDirPath = "";
			projectRoot = "";
			targets = (
				1885B47720FF373800634B41 /* ImageGalery */,
			);
		};
/* End PBXProject section */

/* Begin PBXResourcesBuildPhase section */
		1885B47620FF373800634B41 /* Resources */ = {
			isa = PBXResourcesBuildPhase;
			buildActionMask = 2147483647;
			files = (
				1885B48620FF373A00634B41 /* LaunchScreen.storyboard in Resources */,
				1885B48320FF373A00634B41 /* Assets.xcassets in Resources */,
				1885B48120FF373800634B41 /* Main.storyboard in Resources */,
				183134E821103DA9003BE6CC /* icon_trash.png in Resources */,
			);
			runOnlyForDeploymentPostprocessing = 0;
		};
/* End PBXResourcesBuildPhase section */

/* Begin PBXSourcesBuildPhase section */
		1885B47420FF373800634B41 /* Sources */ = {
			isa = PBXSourcesBuildPhase;
			buildActionMask = 2147483647;
			files = (
				183134E6210B18EE003BE6CC /* ImageViewController.swift in Sources */,
				187EED022101D21D009CBA7B /* Utilities.swift in Sources */,
				1885B47C20FF373800634B41 /* AppDelegate.swift in Sources */,
				1885B48F20FF42EB00634B41 /* GaleryTableViewController.swift in Sources */,
				1885B49520FFE7E800634B41 /* ImageGallery.swift in Sources */,
				1885B49120FFC60800634B41 /* GalleryTableViewCell.swift in Sources */,
				187EED042101D2B3009CBA7B /* GalleryCollectionViewCell.swift in Sources */,
				1885B49320FFD3D900634B41 /* GalleryCollectionViewController.swift in Sources */,
			);
			runOnlyForDeploymentPostprocessing = 0;
		};
/* End PBXSourcesBuildPhase section */

/* Begin PBXVariantGroup section */
		1885B47F20FF373800634B41 /* Main.storyboard */ = {
			isa = PBXVariantGroup;
			children = (
				1885B48020FF373800634B41 /* Base */,
			);
			name = Main.storyboard;
			sourceTree = "<group>";
		};
		1885B48420FF373A00634B41 /* LaunchScreen.storyboard */ = {
			isa = PBXVariantGroup;
			children = (
				1885B48520FF373A00634B41 /* Base */,
			);
			name = LaunchScreen.storyboard;
			sourceTree = "<group>";
		};
/* End PBXVariantGroup section */

/* Begin XCBuildConfiguration section */
		1885B48820FF373A00634B41 /* Debug */ = {
			isa = XCBuildConfiguration;
			buildSettings = {
				ALWAYS_SEARCH_USER_PATHS = NO;
				CLANG_ANALYZER_NONNULL = YES;
				CLANG_ANALYZER_NUMBER_OBJECT_CONVERSION = YES_AGGRESSIVE;
				CLANG_CXX_LANGUAGE_STANDARD = "gnu++14";
				CLANG_CXX_LIBRARY = "libc++";
				CLANG_ENABLE_MODULES = YES;
				CLANG_ENABLE_OBJC_ARC = YES;
				CLANG_ENABLE_OBJC_WEAK = YES;
				CLANG_WARN_BLOCK_CAPTURE_AUTORELEASING = YES;
				CLANG_WARN_BOOL_CONVERSION = YES;
				CLANG_WARN_COMMA = YES;
				CLANG_WARN_CONSTANT_CONVERSION = YES;
				CLANG_WARN_DEPRECATED_OBJC_IMPLEMENTATIONS = YES;
				CLANG_WARN_DIRECT_OBJC_ISA_USAGE = YES_ERROR;
				CLANG_WARN_DOCUMENTATION_COMMENTS = YES;
				CLANG_WARN_EMPTY_BODY = YES;
				CLANG_WARN_ENUM_CONVERSION = YES;
				CLANG_WARN_INFINITE_RECURSION = YES;
				CLANG_WARN_INT_CONVERSION = YES;
				CLANG_WARN_NON_LITERAL_NULL_CONVERSION = YES;
				CLANG_WARN_OBJC_IMPLICIT_RETAIN_SELF = YES;
				CLANG_WARN_OBJC_LITERAL_CONVERSION = YES;
				CLANG_WARN_OBJC_ROOT_CLASS = YES_ERROR;
				CLANG_WARN_RANGE_LOOP_ANALYSIS = YES;
				CLANG_WARN_STRICT_PROTOTYPES = YES;
				CLANG_WARN_SUSPICIOUS_MOVE = YES;
				CLANG_WARN_UNGUARDED_AVAILABILITY = YES_AGGRESSIVE;
				CLANG_WARN_UNREACHABLE_CODE = YES;
				CLANG_WARN__DUPLICATE_METHOD_MATCH = YES;
				CODE_SIGN_IDENTITY = "iPhone Developer";
				COPY_PHASE_STRIP = NO;
				DEBUG_INFORMATION_FORMAT = dwarf;
				ENABLE_STRICT_OBJC_MSGSEND = YES;
				ENABLE_TESTABILITY = YES;
				GCC_C_LANGUAGE_STANDARD = gnu11;
				GCC_DYNAMIC_NO_PIC = NO;
				GCC_NO_COMMON_BLOCKS = YES;
				GCC_OPTIMIZATION_LEVEL = 0;
				GCC_PREPROCESSOR_DEFINITIONS = (
					"DEBUG=1",
					"$(inherited)",
				);
				GCC_WARN_64_TO_32_BIT_CONVERSION = YES;
				GCC_WARN_ABOUT_RETURN_TYPE = YES_ERROR;
				GCC_WARN_UNDECLARED_SELECTOR = YES;
				GCC_WARN_UNINITIALIZED_AUTOS = YES_AGGRESSIVE;
				GCC_WARN_UNUSED_FUNCTION = YES;
				GCC_WARN_UNUSED_VARIABLE = YES;
				IPHONEOS_DEPLOYMENT_TARGET = 11.4;
				MTL_ENABLE_DEBUG_INFO = YES;
				ONLY_ACTIVE_ARCH = YES;
				SDKROOT = iphoneos;
				SWIFT_ACTIVE_COMPILATION_CONDITIONS = DEBUG;
				SWIFT_OPTIMIZATION_LEVEL = "-Onone";
			};
			name = Debug;
		};
		1885B48920FF373A00634B41 /* Release */ = {
			isa = XCBuildConfiguration;
			buildSettings = {
				ALWAYS_SEARCH_USER_PATHS = NO;
				CLANG_ANALYZER_NONNULL = YES;
				CLANG_ANALYZER_NUMBER_OBJECT_CONVERSION = YES_AGGRESSIVE;
				CLANG_CXX_LANGUAGE_STANDARD = "gnu++14";
				CLANG_CXX_LIBRARY = "libc++";
				CLANG_ENABLE_MODULES = YES;
				CLANG_ENABLE_OBJC_ARC = YES;
				CLANG_ENABLE_OBJC_WEAK = YES;
				CLANG_WARN_BLOCK_CAPTURE_AUTORELEASING = YES;
				CLANG_WARN_BOOL_CONVERSION = YES;
				CLANG_WARN_COMMA = YES;
				CLANG_WARN_CONSTANT_CONVERSION = YES;
				CLANG_WARN_DEPRECATED_OBJC_IMPLEMENTATIONS = YES;
				CLANG_WARN_DIRECT_OBJC_ISA_USAGE = YES_ERROR;
				CLANG_WARN_DOCUMENTATION_COMMENTS = YES;
				CLANG_WARN_EMPTY_BODY = YES;
				CLANG_WARN_ENUM_CONVERSION = YES;
				CLANG_WARN_INFINITE_RECURSION = YES;
				CLANG_WARN_INT_CONVERSION = YES;
				CLANG_WARN_NON_LITERAL_NULL_CONVERSION = YES;
				CLANG_WARN_OBJC_IMPLICIT_RETAIN_SELF = YES;
				CLANG_WARN_OBJC_LITERAL_CONVERSION = YES;
				CLANG_WARN_OBJC_ROOT_CLASS = YES_ERROR;
				CLANG_WARN_RANGE_LOOP_ANALYSIS = YES;
				CLANG_WARN_STRICT_PROTOTYPES = YES;
				CLANG_WARN_SUSPICIOUS_MOVE = YES;
				CLANG_WARN_UNGUARDED_AVAILABILITY = YES_AGGRESSIVE;
				CLANG_WARN_UNREACHABLE_CODE = YES;
				CLANG_WARN__DUPLICATE_METHOD_MATCH = YES;
				CODE_SIGN_IDENTITY = "iPhone Developer";
				COPY_PHASE_STRIP = NO;
				DEBUG_INFORMATION_FORMAT = "dwarf-with-dsym";
				ENABLE_NS_ASSERTIONS = NO;
				ENABLE_STRICT_OBJC_MSGSEND = YES;
				GCC_C_LANGUAGE_STANDARD = gnu11;
				GCC_NO_COMMON_BLOCKS = YES;
				GCC_WARN_64_TO_32_BIT_CONVERSION = YES;
				GCC_WARN_ABOUT_RETURN_TYPE = YES_ERROR;
				GCC_WARN_UNDECLARED_SELECTOR = YES;
				GCC_WARN_UNINITIALIZED_AUTOS = YES_AGGRESSIVE;
				GCC_WARN_UNUSED_FUNCTION = YES;
				GCC_WARN_UNUSED_VARIABLE = YES;
				IPHONEOS_DEPLOYMENT_TARGET = 11.4;
				MTL_ENABLE_DEBUG_INFO = NO;
				SDKROOT = iphoneos;
				SWIFT_COMPILATION_MODE = wholemodule;
				SWIFT_OPTIMIZATION_LEVEL = "-O";
				VALIDATE_PRODUCT = YES;
			};
			name = Release;
		};
		1885B48B20FF373A00634B41 /* Debug */ = {
			isa = XCBuildConfiguration;
			buildSettings = {
				ASSETCATALOG_COMPILER_APPICON_NAME = AppIcon;
				CODE_SIGN_STYLE = Automatic;
				INFOPLIST_FILE = ImageGalery/Info.plist;
				LD_RUNPATH_SEARCH_PATHS = (
					"$(inherited)",
					"@executable_path/Frameworks",
				);
				PRODUCT_BUNDLE_IDENTIFIER = Pricopj.ImageGalery;
				PRODUCT_NAME = "$(TARGET_NAME)";
				SWIFT_VERSION = 4.0;
				TARGETED_DEVICE_FAMILY = "1,2";
			};
			name = Debug;
		};
		1885B48C20FF373A00634B41 /* Release */ = {
			isa = XCBuildConfiguration;
			buildSettings = {
				ASSETCATALOG_COMPILER_APPICON_NAME = AppIcon;
				CODE_SIGN_STYLE = Automatic;
				INFOPLIST_FILE = ImageGalery/Info.plist;
				LD_RUNPATH_SEARCH_PATHS = (
					"$(inherited)",
					"@executable_path/Frameworks",
				);
				PRODUCT_BUNDLE_IDENTIFIER = Pricopj.ImageGalery;
				PRODUCT_NAME = "$(TARGET_NAME)";
				SWIFT_VERSION = 4.0;
				TARGETED_DEVICE_FAMILY = "1,2";
			};
			name = Release;
		};
/* End XCBuildConfiguration section */

/* Begin XCConfigurationList section */
		1885B47320FF373800634B41 /* Build configuration list for PBXProject "ImageGalery" */ = {
			isa = XCConfigurationList;
			buildConfigurations = (
				1885B48820FF373A00634B41 /* Debug */,
				1885B48920FF373A00634B41 /* Release */,
			);
			defaultConfigurationIsVisible = 0;
			defaultConfigurationName = Release;
		};
		1885B48A20FF373A00634B41 /* Build configuration list for PBXNativeTarget "ImageGalery" */ = {
			isa = XCConfigurationList;
			buildConfigurations = (
				1885B48B20FF373A00634B41 /* Debug */,
				1885B48C20FF373A00634B41 /* Release */,
			);
			defaultConfigurationIsVisible = 0;
			defaultConfigurationName = Release;
		};
/* End XCConfigurationList section */
	};
	rootObject = 1885B47020FF373800634B41 /* Project object */;
}
